{
    "_readme": [
        "This file locks the dependencies of your project to a known state",
        "Read more about it at https://getcomposer.org/doc/01-basic-usage.md#installing-dependencies",
        "This file is @generated automatically"
    ],
    "content-hash": "b3d4a6b0d633741f7060deb705efdfab",
    "packages": [
        {
            "name": "legobuilder/framework",
            "version": "dev-main",
            "dist": {
                "type": "path",
                "url": "/usr/src/framework",
                "reference": "f4866d520dcd8f62da7a683e1e4f2f831d4230cc"
            },
            "type": "library",
            "autoload": {
                "psr-4": {
                    "Legobuilder\\Framework\\": "src/"
                }
            },
            "transport-options": {
                "relative": false
            }
        }
    ],
    "packages-dev": [],
    "aliases": [],
    "minimum-stability": "dev",
    "stability-flags": [],
    "prefer-stable": false,
    "prefer-lowest": false,
    "platform": [],
    "platform-dev": [],
    "plugin-api-version": "2.3.0"
}
